
Microsoft Visual Studio Solution File, Format Version 12.00
# Visual Studio 2015
Project("{FAE04EC0-301F-11D3-BF4B-00C04F79EFBC}") = "PlugTest.CSharp", "PlugTest.CSharp.csproj", "{84E2A2CA-1A50-365A-1861-B96B6A2F39E7}"
EndProject
Global
	GlobalSection(SolutionConfigurationPlatforms) = preSolution
		Debug|Any CPU = Debug|Any CPU
		Release|Any CPU = Release|Any CPU
	EndGlobalSection
	GlobalSection(ProjectConfigurationPlatforms) = postSolution
		{84E2A2CA-1A50-365A-1861-B96B6A2F39E7}.Debug|Any CPU.ActiveCfg = Debug|Any CPU
		{84E2A2CA-1A50-365A-1861-B96B6A2F39E7}.Debug|Any CPU.Build.0 = Debug|Any CPU
		{84E2A2CA-1A50-365A-1861-B96B6A2F39E7}.Release|Any CPU.ActiveCfg = Release|Any CPU
		{84E2A2CA-1A50-365A-1861-B96B6A2F39E7}.Release|Any CPU.Build.0 = Release|Any CPU
	EndGlobalSection
	GlobalSection(SolutionProperties) = preSolution
		HideSolutionNode = FALSE
	EndGlobalSection
EndGlobal
