Microsoft Visual Studio Solution File, Format Version 11.00
# Visual Studio 2008

Project("{66A5C2AF-E261-08DA-269E-F08C0DD9866B}") = "GoogleMapTest", "Assembly-CSharp.csproj", "{7F12692F-8560-C2C9-C87B-EE5166230B0B}"
EndProject
Global
	GlobalSection(SolutionConfigurationPlatforms) = preSolution
		Debug|Any CPU = Debug|Any CPU
		Release|Any CPU = Release|Any CPU
	EndGlobalSection
	GlobalSection(ProjectConfigurationPlatforms) = postSolution
		{7F12692F-8560-C2C9-C87B-EE5166230B0B}.Debug|Any CPU.ActiveCfg = Debug|Any CPU
		{7F12692F-8560-C2C9-C87B-EE5166230B0B}.Debug|Any CPU.Build.0 = Debug|Any CPU
		{7F12692F-8560-C2C9-C87B-EE5166230B0B}.Release|Any CPU.ActiveCfg = Release|Any CPU
		{7F12692F-8560-C2C9-C87B-EE5166230B0B}.Release|Any CPU.Build.0 = Release|Any CPU
	EndGlobalSection
	GlobalSection(SolutionProperties) = preSolution
		HideSolutionNode = FALSE
	EndGlobalSection
	GlobalSection(MonoDevelopProperties) = preSolution
		StartupItem = Assembly-CSharp.csproj
	EndGlobalSection
EndGlobal
