Microsoft Visual Studio Solution File, Format Version 11.00
# Visual Studio 2008

Project("{FE81DF4F-9BB9-9C71-4CD2-45113DDE39F7}") = "AndPlugin", "Assembly-CSharp.csproj", "{1E1147F2-973A-47A2-DC53-70F2086351CB}"
EndProject
Global
	GlobalSection(SolutionConfigurationPlatforms) = preSolution
		Debug|Any CPU = Debug|Any CPU
		Release|Any CPU = Release|Any CPU
	EndGlobalSection
	GlobalSection(ProjectConfigurationPlatforms) = postSolution
		{1E1147F2-973A-47A2-DC53-70F2086351CB}.Debug|Any CPU.ActiveCfg = Debug|Any CPU
		{1E1147F2-973A-47A2-DC53-70F2086351CB}.Debug|Any CPU.Build.0 = Debug|Any CPU
		{1E1147F2-973A-47A2-DC53-70F2086351CB}.Release|Any CPU.ActiveCfg = Release|Any CPU
		{1E1147F2-973A-47A2-DC53-70F2086351CB}.Release|Any CPU.Build.0 = Release|Any CPU
	EndGlobalSection
	GlobalSection(SolutionProperties) = preSolution
		HideSolutionNode = FALSE
	EndGlobalSection
	GlobalSection(MonoDevelopProperties) = preSolution
		StartupItem = Assembly-CSharp.csproj
	EndGlobalSection
EndGlobal
