Microsoft Visual Studio Solution File, Format Version 11.00
# Visual Studio 2008

Project("{854D1130-C9F7-BD59-188E-4A59F05F8B6F}") = "Pluginexample2", "Assembly-CSharp.csproj", "{1BF7CB70-EEA8-C8C2-B80F-07A5278D2AE3}"
EndProject
Global
	GlobalSection(SolutionConfigurationPlatforms) = preSolution
		Debug|Any CPU = Debug|Any CPU
		Release|Any CPU = Release|Any CPU
	EndGlobalSection
	GlobalSection(ProjectConfigurationPlatforms) = postSolution
		{1BF7CB70-EEA8-C8C2-B80F-07A5278D2AE3}.Debug|Any CPU.ActiveCfg = Debug|Any CPU
		{1BF7CB70-EEA8-C8C2-B80F-07A5278D2AE3}.Debug|Any CPU.Build.0 = Debug|Any CPU
		{1BF7CB70-EEA8-C8C2-B80F-07A5278D2AE3}.Release|Any CPU.ActiveCfg = Release|Any CPU
		{1BF7CB70-EEA8-C8C2-B80F-07A5278D2AE3}.Release|Any CPU.Build.0 = Release|Any CPU
	EndGlobalSection
	GlobalSection(SolutionProperties) = preSolution
		HideSolutionNode = FALSE
	EndGlobalSection
	GlobalSection(MonoDevelopProperties) = preSolution
		StartupItem = Assembly-CSharp.csproj
	EndGlobalSection
EndGlobal
