Microsoft Visual Studio Solution File, Format Version 11.00
# Visual Studio 2008

Project("{318B819F-E37B-7A66-A2BE-C252DC40947A}") = "PluginTestv2", "Assembly-CSharp.csproj", "{8369E86C-974B-5343-8988-53D49214E489}"
EndProject
Global
	GlobalSection(SolutionConfigurationPlatforms) = preSolution
		Debug|Any CPU = Debug|Any CPU
		Release|Any CPU = Release|Any CPU
	EndGlobalSection
	GlobalSection(ProjectConfigurationPlatforms) = postSolution
		{8369E86C-974B-5343-8988-53D49214E489}.Debug|Any CPU.ActiveCfg = Debug|Any CPU
		{8369E86C-974B-5343-8988-53D49214E489}.Debug|Any CPU.Build.0 = Debug|Any CPU
		{8369E86C-974B-5343-8988-53D49214E489}.Release|Any CPU.ActiveCfg = Release|Any CPU
		{8369E86C-974B-5343-8988-53D49214E489}.Release|Any CPU.Build.0 = Release|Any CPU
	EndGlobalSection
	GlobalSection(SolutionProperties) = preSolution
		HideSolutionNode = FALSE
	EndGlobalSection
	GlobalSection(MonoDevelopProperties) = preSolution
		StartupItem = Assembly-CSharp.csproj
	EndGlobalSection
EndGlobal
