
Microsoft Visual Studio Solution File, Format Version 12.00
# Visual Studio 2015
Project("{FAE04EC0-301F-11D3-BF4B-00C04F79EFBC}") = "DrawCallTest.CSharp", "DrawCallTest.CSharp.csproj", "{B78D84D9-7A7B-60E2-9135-B26F76743552}"
EndProject
Project("{FAE04EC0-301F-11D3-BF4B-00C04F79EFBC}") = "DrawCallTest.CSharp.Editor", "DrawCallTest.CSharp.Editor.csproj", "{38F76A88-FD45-518C-EEA8-D2D6BA1C547F}"
EndProject
Global
	GlobalSection(SolutionConfigurationPlatforms) = preSolution
		Debug|Any CPU = Debug|Any CPU
		Release|Any CPU = Release|Any CPU
	EndGlobalSection
	GlobalSection(ProjectConfigurationPlatforms) = postSolution
		{B78D84D9-7A7B-60E2-9135-B26F76743552}.Debug|Any CPU.ActiveCfg = Debug|Any CPU
		{B78D84D9-7A7B-60E2-9135-B26F76743552}.Debug|Any CPU.Build.0 = Debug|Any CPU
		{B78D84D9-7A7B-60E2-9135-B26F76743552}.Release|Any CPU.ActiveCfg = Release|Any CPU
		{B78D84D9-7A7B-60E2-9135-B26F76743552}.Release|Any CPU.Build.0 = Release|Any CPU
		{38F76A88-FD45-518C-EEA8-D2D6BA1C547F}.Debug|Any CPU.ActiveCfg = Debug|Any CPU
		{38F76A88-FD45-518C-EEA8-D2D6BA1C547F}.Debug|Any CPU.Build.0 = Debug|Any CPU
		{38F76A88-FD45-518C-EEA8-D2D6BA1C547F}.Release|Any CPU.ActiveCfg = Release|Any CPU
		{38F76A88-FD45-518C-EEA8-D2D6BA1C547F}.Release|Any CPU.Build.0 = Release|Any CPU
	EndGlobalSection
	GlobalSection(SolutionProperties) = preSolution
		HideSolutionNode = FALSE
	EndGlobalSection
EndGlobal
